
Microsoft Visual Studio Solution File, Format Version 12.00
# Visual Studio Version 17
VisualStudioVersion = 17.8.34511.84
MinimumVisualStudioVersion = 10.0.40219.1
Project("{FAE04EC0-301F-11D3-BF4B-00C04F79EFBC}") = "WCFLogicaEscenasPelis", "WCFLogicaEscenasPelis\WCFLogicaEscenasPelis.csproj", "{30229906-1AEC-4975-9B8F-5EB59BB208A7}"
EndProject
Project("{FAE04EC0-301F-11D3-BF4B-00C04F79EFBC}") = "WCFHostEscenasPelis", "WCFHostEscenasPelis\WCFHostEscenasPelis.csproj", "{099C077A-A293-47B9-BEFD-1AEC0796D162}"
EndProject
Global
	GlobalSection(SolutionConfigurationPlatforms) = preSolution
		Debug|Any CPU = Debug|Any CPU
		Release|Any CPU = Release|Any CPU
	EndGlobalSection
	GlobalSection(ProjectConfigurationPlatforms) = postSolution
		{30229906-1AEC-4975-9B8F-5EB59BB208A7}.Debug|Any CPU.ActiveCfg = Debug|Any CPU
		{30229906-1AEC-4975-9B8F-5EB59BB208A7}.Debug|Any CPU.Build.0 = Debug|Any CPU
		{30229906-1AEC-4975-9B8F-5EB59BB208A7}.Release|Any CPU.ActiveCfg = Release|Any CPU
		{30229906-1AEC-4975-9B8F-5EB59BB208A7}.Release|Any CPU.Build.0 = Release|Any CPU
		{099C077A-A293-47B9-BEFD-1AEC0796D162}.Debug|Any CPU.ActiveCfg = Debug|Any CPU
		{099C077A-A293-47B9-BEFD-1AEC0796D162}.Debug|Any CPU.Build.0 = Debug|Any CPU
		{099C077A-A293-47B9-BEFD-1AEC0796D162}.Release|Any CPU.ActiveCfg = Release|Any CPU
		{099C077A-A293-47B9-BEFD-1AEC0796D162}.Release|Any CPU.Build.0 = Release|Any CPU
	EndGlobalSection
	GlobalSection(SolutionProperties) = preSolution
		HideSolutionNode = FALSE
	EndGlobalSection
	GlobalSection(ExtensibilityGlobals) = postSolution
		SolutionGuid = {49425061-9E29-480D-A9C3-4E6897BE15E5}
	EndGlobalSection
EndGlobal
