
Microsoft Visual Studio Solution File, Format Version 12.00
# Visual Studio Version 17
VisualStudioVersion = 17.8.34511.84
MinimumVisualStudioVersion = 10.0.40219.1
Project("{FAE04EC0-301F-11D3-BF4B-00C04F79EFBC}") = "MvcCoreMicrosoftAD", "MvcCoreMicrosoftAD\MvcCoreMicrosoftAD.csproj", "{9767796D-C08E-464C-9396-B055634C9CD1}"
EndProject
Global
	GlobalSection(SolutionConfigurationPlatforms) = preSolution
		Debug|Any CPU = Debug|Any CPU
		Release|Any CPU = Release|Any CPU
	EndGlobalSection
	GlobalSection(ProjectConfigurationPlatforms) = postSolution
		{9767796D-C08E-464C-9396-B055634C9CD1}.Debug|Any CPU.ActiveCfg = Debug|Any CPU
		{9767796D-C08E-464C-9396-B055634C9CD1}.Debug|Any CPU.Build.0 = Debug|Any CPU
		{9767796D-C08E-464C-9396-B055634C9CD1}.Release|Any CPU.ActiveCfg = Release|Any CPU
		{9767796D-C08E-464C-9396-B055634C9CD1}.Release|Any CPU.Build.0 = Release|Any CPU
	EndGlobalSection
	GlobalSection(SolutionProperties) = preSolution
		HideSolutionNode = FALSE
	EndGlobalSection
	GlobalSection(ExtensibilityGlobals) = postSolution
		SolutionGuid = {FD8836ED-5A46-47BB-82B6-BD8D951F683D}
	EndGlobalSection
EndGlobal
