
Microsoft Visual Studio Solution File, Format Version 12.00
# Visual Studio Version 17
VisualStudioVersion = 17.8.34511.84
MinimumVisualStudioVersion = 10.0.40219.1
Project("{FAE04EC0-301F-11D3-BF4B-00C04F79EFBC}") = "MvcPrueba", "MvcPrueba\MvcPrueba.csproj", "{6103BDE2-FE91-42A7-B4D0-777C723ED36D}"
EndProject
Global
	GlobalSection(SolutionConfigurationPlatforms) = preSolution
		Debug|Any CPU = Debug|Any CPU
		Release|Any CPU = Release|Any CPU
	EndGlobalSection
	GlobalSection(ProjectConfigurationPlatforms) = postSolution
		{6103BDE2-FE91-42A7-B4D0-777C723ED36D}.Debug|Any CPU.ActiveCfg = Debug|Any CPU
		{6103BDE2-FE91-42A7-B4D0-777C723ED36D}.Debug|Any CPU.Build.0 = Debug|Any CPU
		{6103BDE2-FE91-42A7-B4D0-777C723ED36D}.Release|Any CPU.ActiveCfg = Release|Any CPU
		{6103BDE2-FE91-42A7-B4D0-777C723ED36D}.Release|Any CPU.Build.0 = Release|Any CPU
	EndGlobalSection
	GlobalSection(SolutionProperties) = preSolution
		HideSolutionNode = FALSE
	EndGlobalSection
	GlobalSection(ExtensibilityGlobals) = postSolution
		SolutionGuid = {3DEDDEE3-E93D-419E-B3A2-8E0C3233C6B7}
	EndGlobalSection
EndGlobal
