
Microsoft Visual Studio Solution File, Format Version 12.00
# Visual Studio Version 17
VisualStudioVersion = 17.8.34511.84
MinimumVisualStudioVersion = 10.0.40219.1
Project("{FAE04EC0-301F-11D3-BF4B-00C04F79EFBC}") = "WebApplication1", "WebApplication1\WebApplication1.csproj", "{63F695F0-6650-4887-824D-641F38E7F855}"
EndProject
Global
	GlobalSection(SolutionConfigurationPlatforms) = preSolution
		Debug|Any CPU = Debug|Any CPU
		Release|Any CPU = Release|Any CPU
	EndGlobalSection
	GlobalSection(ProjectConfigurationPlatforms) = postSolution
		{63F695F0-6650-4887-824D-641F38E7F855}.Debug|Any CPU.ActiveCfg = Debug|Any CPU
		{63F695F0-6650-4887-824D-641F38E7F855}.Debug|Any CPU.Build.0 = Debug|Any CPU
		{63F695F0-6650-4887-824D-641F38E7F855}.Release|Any CPU.ActiveCfg = Release|Any CPU
		{63F695F0-6650-4887-824D-641F38E7F855}.Release|Any CPU.Build.0 = Release|Any CPU
	EndGlobalSection
	GlobalSection(SolutionProperties) = preSolution
		HideSolutionNode = FALSE
	EndGlobalSection
	GlobalSection(ExtensibilityGlobals) = postSolution
		SolutionGuid = {F10812F1-6F65-42C8-A0EF-41C0814EE33C}
	EndGlobalSection
EndGlobal
