
Microsoft Visual Studio Solution File, Format Version 12.00
# Visual Studio Version 17
VisualStudioVersion = 17.8.34511.84
MinimumVisualStudioVersion = 10.0.40219.1
Project("{FAE04EC0-301F-11D3-BF4B-00C04F79EFBC}") = "ApiStorageTokens", "ApiStorageTokens\ApiStorageTokens.csproj", "{EC2BB730-EFDE-4FA9-A11F-7E013EDE9360}"
EndProject
Global
	GlobalSection(SolutionConfigurationPlatforms) = preSolution
		Debug|Any CPU = Debug|Any CPU
		Release|Any CPU = Release|Any CPU
	EndGlobalSection
	GlobalSection(ProjectConfigurationPlatforms) = postSolution
		{EC2BB730-EFDE-4FA9-A11F-7E013EDE9360}.Debug|Any CPU.ActiveCfg = Debug|Any CPU
		{EC2BB730-EFDE-4FA9-A11F-7E013EDE9360}.Debug|Any CPU.Build.0 = Debug|Any CPU
		{EC2BB730-EFDE-4FA9-A11F-7E013EDE9360}.Release|Any CPU.ActiveCfg = Release|Any CPU
		{EC2BB730-EFDE-4FA9-A11F-7E013EDE9360}.Release|Any CPU.Build.0 = Release|Any CPU
	EndGlobalSection
	GlobalSection(SolutionProperties) = preSolution
		HideSolutionNode = FALSE
	EndGlobalSection
	GlobalSection(ExtensibilityGlobals) = postSolution
		SolutionGuid = {448CD0BF-7856-421B-8A59-139E0E3F5EA4}
	EndGlobalSection
EndGlobal
