
Microsoft Visual Studio Solution File, Format Version 12.00
# Visual Studio Version 17
VisualStudioVersion = 17.8.34511.84
MinimumVisualStudioVersion = 10.0.40219.1
Project("{FAE04EC0-301F-11D3-BF4B-00C04F79EFBC}") = "grupofuncioneslunes", "grupofuncioneslunes\grupofuncioneslunes.csproj", "{ACA58E92-429E-4E83-8C6D-02ADABD20229}"
EndProject
Global
	GlobalSection(SolutionConfigurationPlatforms) = preSolution
		Debug|Any CPU = Debug|Any CPU
		Release|Any CPU = Release|Any CPU
	EndGlobalSection
	GlobalSection(ProjectConfigurationPlatforms) = postSolution
		{ACA58E92-429E-4E83-8C6D-02ADABD20229}.Debug|Any CPU.ActiveCfg = Debug|Any CPU
		{ACA58E92-429E-4E83-8C6D-02ADABD20229}.Debug|Any CPU.Build.0 = Debug|Any CPU
		{ACA58E92-429E-4E83-8C6D-02ADABD20229}.Release|Any CPU.ActiveCfg = Release|Any CPU
		{ACA58E92-429E-4E83-8C6D-02ADABD20229}.Release|Any CPU.Build.0 = Release|Any CPU
	EndGlobalSection
	GlobalSection(SolutionProperties) = preSolution
		HideSolutionNode = FALSE
	EndGlobalSection
	GlobalSection(ExtensibilityGlobals) = postSolution
		SolutionGuid = {3399E41E-1E6A-4107-A916-D78AEA12407D}
	EndGlobalSection
EndGlobal
