
Microsoft Visual Studio Solution File, Format Version 12.00
# Visual Studio Version 17
VisualStudioVersion = 17.8.34511.84
MinimumVisualStudioVersion = 10.0.40219.1
Project("{FAE04EC0-301F-11D3-BF4B-00C04F79EFBC}") = "NorthwindCustomersALL", "NorthwindCustomersALL\NorthwindCustomersALL.csproj", "{0D24C43C-2992-415B-9DE3-2402B809E51C}"
EndProject
Global
	GlobalSection(SolutionConfigurationPlatforms) = preSolution
		Debug|Any CPU = Debug|Any CPU
		Release|Any CPU = Release|Any CPU
	EndGlobalSection
	GlobalSection(ProjectConfigurationPlatforms) = postSolution
		{0D24C43C-2992-415B-9DE3-2402B809E51C}.Debug|Any CPU.ActiveCfg = Debug|Any CPU
		{0D24C43C-2992-415B-9DE3-2402B809E51C}.Debug|Any CPU.Build.0 = Debug|Any CPU
		{0D24C43C-2992-415B-9DE3-2402B809E51C}.Release|Any CPU.ActiveCfg = Release|Any CPU
		{0D24C43C-2992-415B-9DE3-2402B809E51C}.Release|Any CPU.Build.0 = Release|Any CPU
	EndGlobalSection
	GlobalSection(SolutionProperties) = preSolution
		HideSolutionNode = FALSE
	EndGlobalSection
	GlobalSection(ExtensibilityGlobals) = postSolution
		SolutionGuid = {B2FB5398-30D6-43CA-81AC-F0F815B0E040}
	EndGlobalSection
EndGlobal
