
Microsoft Visual Studio Solution File, Format Version 12.00
# Visual Studio Version 17
VisualStudioVersion = 17.8.34511.84
MinimumVisualStudioVersion = 10.0.40219.1
Project("{FAE04EC0-301F-11D3-BF4B-00C04F79EFBC}") = "MvcCoreChollometro", "MvcCoreChollometro\MvcCoreChollometro.csproj", "{026302EA-235E-41AF-88D6-E56216ECFC0B}"
EndProject
Global
	GlobalSection(SolutionConfigurationPlatforms) = preSolution
		Debug|Any CPU = Debug|Any CPU
		Release|Any CPU = Release|Any CPU
	EndGlobalSection
	GlobalSection(ProjectConfigurationPlatforms) = postSolution
		{026302EA-235E-41AF-88D6-E56216ECFC0B}.Debug|Any CPU.ActiveCfg = Debug|Any CPU
		{026302EA-235E-41AF-88D6-E56216ECFC0B}.Debug|Any CPU.Build.0 = Debug|Any CPU
		{026302EA-235E-41AF-88D6-E56216ECFC0B}.Release|Any CPU.ActiveCfg = Release|Any CPU
		{026302EA-235E-41AF-88D6-E56216ECFC0B}.Release|Any CPU.Build.0 = Release|Any CPU
	EndGlobalSection
	GlobalSection(SolutionProperties) = preSolution
		HideSolutionNode = FALSE
	EndGlobalSection
	GlobalSection(ExtensibilityGlobals) = postSolution
		SolutionGuid = {8E2C2ADA-B157-4670-95CA-F998D666F1CC}
	EndGlobalSection
EndGlobal
