
Microsoft Visual Studio Solution File, Format Version 12.00
# Visual Studio Version 17
VisualStudioVersion = 17.8.34511.84
MinimumVisualStudioVersion = 10.0.40219.1
Project("{FAE04EC0-301F-11D3-BF4B-00C04F79EFBC}") = "ApiCoreOAuthEmpleados", "ApiCoreOAuthEmpleados\ApiCoreOAuthEmpleados.csproj", "{7D00CF3C-0C2F-46F3-AE69-D0A10F518C3B}"
EndProject
Global
	GlobalSection(SolutionConfigurationPlatforms) = preSolution
		Debug|Any CPU = Debug|Any CPU
		Release|Any CPU = Release|Any CPU
	EndGlobalSection
	GlobalSection(ProjectConfigurationPlatforms) = postSolution
		{7D00CF3C-0C2F-46F3-AE69-D0A10F518C3B}.Debug|Any CPU.ActiveCfg = Debug|Any CPU
		{7D00CF3C-0C2F-46F3-AE69-D0A10F518C3B}.Debug|Any CPU.Build.0 = Debug|Any CPU
		{7D00CF3C-0C2F-46F3-AE69-D0A10F518C3B}.Release|Any CPU.ActiveCfg = Release|Any CPU
		{7D00CF3C-0C2F-46F3-AE69-D0A10F518C3B}.Release|Any CPU.Build.0 = Release|Any CPU
	EndGlobalSection
	GlobalSection(SolutionProperties) = preSolution
		HideSolutionNode = FALSE
	EndGlobalSection
	GlobalSection(ExtensibilityGlobals) = postSolution
		SolutionGuid = {90BD1A56-8885-4538-9D32-B732421A1D47}
	EndGlobalSection
EndGlobal
