
Microsoft Visual Studio Solution File, Format Version 12.00
# Visual Studio Version 17
VisualStudioVersion = 17.8.34511.84
MinimumVisualStudioVersion = 10.0.40219.1
Project("{FAE04EC0-301F-11D3-BF4B-00C04F79EFBC}") = "AppDockers", "AppDockers\AppDockers.csproj", "{A1F03DC7-B379-4172-98DD-BC69A5E2B37E}"
EndProject
Global
	GlobalSection(SolutionConfigurationPlatforms) = preSolution
		Debug|Any CPU = Debug|Any CPU
		Release|Any CPU = Release|Any CPU
	EndGlobalSection
	GlobalSection(ProjectConfigurationPlatforms) = postSolution
		{A1F03DC7-B379-4172-98DD-BC69A5E2B37E}.Debug|Any CPU.ActiveCfg = Debug|Any CPU
		{A1F03DC7-B379-4172-98DD-BC69A5E2B37E}.Debug|Any CPU.Build.0 = Debug|Any CPU
		{A1F03DC7-B379-4172-98DD-BC69A5E2B37E}.Release|Any CPU.ActiveCfg = Release|Any CPU
		{A1F03DC7-B379-4172-98DD-BC69A5E2B37E}.Release|Any CPU.Build.0 = Release|Any CPU
	EndGlobalSection
	GlobalSection(SolutionProperties) = preSolution
		HideSolutionNode = FALSE
	EndGlobalSection
	GlobalSection(ExtensibilityGlobals) = postSolution
		SolutionGuid = {301EC9FF-710C-4F78-B639-735D5C1146B8}
	EndGlobalSection
EndGlobal
