
Microsoft Visual Studio Solution File, Format Version 12.00
# Visual Studio Version 17
VisualStudioVersion = 17.8.34511.84
MinimumVisualStudioVersion = 10.0.40219.1
Project("{FAE04EC0-301F-11D3-BF4B-00C04F79EFBC}") = "MvcNetCoreSeguridadAdministrada", "MvcNetCoreSeguridadAdministrada\MvcNetCoreSeguridadAdministrada.csproj", "{A38C5A41-A30A-49C3-A99A-D57724C0103A}"
EndProject
Global
	GlobalSection(SolutionConfigurationPlatforms) = preSolution
		Debug|Any CPU = Debug|Any CPU
		Release|Any CPU = Release|Any CPU
	EndGlobalSection
	GlobalSection(ProjectConfigurationPlatforms) = postSolution
		{A38C5A41-A30A-49C3-A99A-D57724C0103A}.Debug|Any CPU.ActiveCfg = Debug|Any CPU
		{A38C5A41-A30A-49C3-A99A-D57724C0103A}.Debug|Any CPU.Build.0 = Debug|Any CPU
		{A38C5A41-A30A-49C3-A99A-D57724C0103A}.Release|Any CPU.ActiveCfg = Release|Any CPU
		{A38C5A41-A30A-49C3-A99A-D57724C0103A}.Release|Any CPU.Build.0 = Release|Any CPU
	EndGlobalSection
	GlobalSection(SolutionProperties) = preSolution
		HideSolutionNode = FALSE
	EndGlobalSection
	GlobalSection(ExtensibilityGlobals) = postSolution
		SolutionGuid = {C9A225E3-B885-463E-9EBF-3273C6A2D532}
	EndGlobalSection
EndGlobal
