
Microsoft Visual Studio Solution File, Format Version 12.00
# Visual Studio Version 17
VisualStudioVersion = 17.8.34511.84
MinimumVisualStudioVersion = 10.0.40219.1
Project("{FAE04EC0-301F-11D3-BF4B-00C04F79EFBC}") = "AirportsNugetALL", "AirportsNugetALL\AirportsNugetALL.csproj", "{929BD918-E10E-4121-836F-CC696F422B02}"
EndProject
Global
	GlobalSection(SolutionConfigurationPlatforms) = preSolution
		Debug|Any CPU = Debug|Any CPU
		Release|Any CPU = Release|Any CPU
	EndGlobalSection
	GlobalSection(ProjectConfigurationPlatforms) = postSolution
		{929BD918-E10E-4121-836F-CC696F422B02}.Debug|Any CPU.ActiveCfg = Debug|Any CPU
		{929BD918-E10E-4121-836F-CC696F422B02}.Debug|Any CPU.Build.0 = Debug|Any CPU
		{929BD918-E10E-4121-836F-CC696F422B02}.Release|Any CPU.ActiveCfg = Release|Any CPU
		{929BD918-E10E-4121-836F-CC696F422B02}.Release|Any CPU.Build.0 = Release|Any CPU
	EndGlobalSection
	GlobalSection(SolutionProperties) = preSolution
		HideSolutionNode = FALSE
	EndGlobalSection
	GlobalSection(ExtensibilityGlobals) = postSolution
		SolutionGuid = {06E455E1-D5D7-4791-BCCA-CD486A45BC29}
	EndGlobalSection
EndGlobal
